
Microsoft Visual Studio Solution File, Format Version 12.00
# Visual Studio Version 17
VisualStudioVersion = 17.9.34616.47
MinimumVisualStudioVersion = 10.0.40219.1
Project("{2150E333-8FDC-42A3-9474-1A3956D46DE8}") = "System", "System", "{DF1BDF48-4898-46B0-985C-DC30E67D251C}"
EndProject
Project("{2150E333-8FDC-42A3-9474-1A3956D46DE8}") = "Data", "Data", "{6B37117A-1226-474E-B4C8-06410622DEA4}"
EndProject
Project("{9A19103F-16F7-4668-BE54-9A1E7A4F7556}") = "Edam.Data.Assets", "Data\Edam.Data.Assets\Edam.Data.Assets.csproj", "{EDCD28B6-8850-4FE8-B11E-259E02C738A6}"
EndProject
Project("{9A19103F-16F7-4668-BE54-9A1E7A4F7556}") = "Edam.Data.Templates", "Data\Edam.Data.Templates\Edam.Data.Templates.csproj", "{1AB4B5FA-596E-4EF0-8483-1B4F206BE90B}"
EndProject
Project("{9A19103F-16F7-4668-BE54-9A1E7A4F7556}") = "Edam.DataObjects", "Data\Edam.DataObjects\Edam.DataObjects.csproj", "{51B907C3-C8ED-4543-8B8E-CB3CCF4835BB}"
EndProject
Project("{9A19103F-16F7-4668-BE54-9A1E7A4F7556}") = "Edam.Help", "System\Edam.Help\Edam.Help.csproj", "{F1B32E3F-702B-44D2-8180-C77B2E28D584}"
EndProject
Project("{9A19103F-16F7-4668-BE54-9A1E7A4F7556}") = "Edam.Net", "System\Edam.Net\Edam.Net.csproj", "{BDE53CFE-D3C5-4938-8685-1E499074494F}"
EndProject
Project("{9A19103F-16F7-4668-BE54-9A1E7A4F7556}") = "Edam.System", "System\Edam.System\Edam.System.csproj", "{D780F315-8269-405F-94C4-674CDB74663E}"
EndProject
Project("{9A19103F-16F7-4668-BE54-9A1E7A4F7556}") = "Edam.Security", "System\Edam.Security\Edam.Security.csproj", "{6D46B077-6477-4E5C-8601-5713873FACE3}"
EndProject
Project("{9A19103F-16F7-4668-BE54-9A1E7A4F7556}") = "Edam.Api", "Data\Edam.Api\Edam.Api.csproj", "{4FE0806B-7CAF-4672-A34B-4738890FFB7B}"
EndProject
Project("{9A19103F-16F7-4668-BE54-9A1E7A4F7556}") = "Edam.B2b", "Data\Edam.B2b\Edam.B2b.csproj", "{ECAF5C05-BEE2-4F28-BDDE-10A52DA0963C}"
EndProject
Project("{9A19103F-16F7-4668-BE54-9A1E7A4F7556}") = "Edam.Data.AssetDb", "Data\Edam.Data.AssetDb\Edam.Data.AssetDb.csproj", "{77C69B00-43DC-4417-B78C-8BEE6A82A10E}"
EndProject
Project("{9A19103F-16F7-4668-BE54-9A1E7A4F7556}") = "Edam.Data.Schema", "Data\Edam.Data.Schema\Edam.Data.Schema.csproj", "{3BD3B899-CE2C-4B1C-8D67-C74AC10AB89A}"
EndProject
Project("{9A19103F-16F7-4668-BE54-9A1E7A4F7556}") = "Edam.Xml", "Data\Edam.Xml\Edam.Xml.csproj", "{E2BBAA21-5826-4F0C-8BFA-867CC16D96D8}"
EndProject
Project("{9A19103F-16F7-4668-BE54-9A1E7A4F7556}") = "Edam.Gsql", "Data\Edam.Gsql\Edam.Gsql.csproj", "{1CBA4A3D-3CC0-4BE2-967A-85302E28993B}"
EndProject
Project("{9A19103F-16F7-4668-BE54-9A1E7A4F7556}") = "Edam.Json", "Data\Edam.Json\Edam.Json.csproj", "{8BDB40E3-102F-4B4F-843C-B81E8C3CF829}"
EndProject
Project("{9A19103F-16F7-4668-BE54-9A1E7A4F7556}") = "Edam.Data.AssetMapping", "Data\Edam.Data.AssetMapping\Edam.Data.AssetMapping.csproj", "{EB388DA8-4ACF-47F5-A5CA-7B7C2AADC9E6}"
EndProject
Project("{9A19103F-16F7-4668-BE54-9A1E7A4F7556}") = "Edam.Data.Asset.Services", "Data\Edam.Data.Assets.Services\Edam.Data.Asset.Services.csproj", "{C18F4AD4-BF93-4218-8822-7DF4EF2D7945}"
EndProject
Project("{9A19103F-16F7-4668-BE54-9A1E7A4F7556}") = "Edam.Data.Dictionary", "Data\Edam.Data.Dictionary\Edam.Data.Dictionary.csproj", "{41F36087-1954-4FEE-B7CF-B456F0AE5FFF}"
EndProject
Project("{9A19103F-16F7-4668-BE54-9A1E7A4F7556}") = "Edam.Data.Lexicon", "Data\Edam.Data.Vocabulary\Edam.Data.Lexicon.csproj", "{1D709E8A-B843-4150-A078-21BA597094FA}"
EndProject
Project("{2150E333-8FDC-42A3-9474-1A3956D46DE8}") = "Application", "Application", "{891D7446-5BCB-4EFD-BF3C-C871591C6B32}"
EndProject
Project("{9A19103F-16F7-4668-BE54-9A1E7A4F7556}") = "Edam.Application", "Application\Edam.Application\Edam.Application.csproj", "{3C8A90EA-C4B7-4A2C-8959-FC4C6BDF9EFB}"
EndProject
Project("{2150E333-8FDC-42A3-9474-1A3956D46DE8}") = "Connectors", "Connectors", "{56EB65A7-2251-4AE1-8F86-F1B59AB2155D}"
EndProject
Project("{9A19103F-16F7-4668-BE54-9A1E7A4F7556}") = "Edam.Connector.Atlas", "Connectors\Edam.Connector.Atlas\Edam.Connector.Atlas.csproj", "{0330ECB8-7EED-45B1-A575-20A6282E0953}"
EndProject
Project("{2150E333-8FDC-42A3-9474-1A3956D46DE8}") = "AI", "AI", "{7C56D5B2-2B44-4A76-A66C-AD3DA12F5D7B}"
EndProject
Project("{9A19103F-16F7-4668-BE54-9A1E7A4F7556}") = "Edam.Language.Python", "AI\Edam.Language.Python\Edam.Language.Python.csproj", "{F8EAD98B-15FA-4690-B3F7-A0992593AAF4}"
EndProject
Project("{2150E333-8FDC-42A3-9474-1A3956D46DE8}") = "Tests", "Tests", "{F3B53FFB-9917-454F-A867-26B26A432016}"
EndProject
Project("{9A19103F-16F7-4668-BE54-9A1E7A4F7556}") = "Edam.Test.Library", "Tests\Edam.Test..Library\Edam.Test.Library.csproj", "{E0B38360-DF3E-43C4-8793-63071C82C1C5}"
EndProject
Project("{9A19103F-16F7-4668-BE54-9A1E7A4F7556}") = "Edam.Test.Apache.Atlas", "Tests\Edam.Test.Apache.Atlas\Edam.Test.Apache.Atlas.csproj", "{74BEA2A7-07E2-4740-9C6F-DCAC66B0A33A}"
EndProject
Project("{9A19103F-16F7-4668-BE54-9A1E7A4F7556}") = "Edam.Test.BookItemProcessor", "Tests\Edam.Test.BookItemProcessor\Edam.Test.BookItemProcessor.csproj", "{23F8B98C-A8A8-43A3-845B-B21FD7864BB2}"
EndProject
Project("{9A19103F-16F7-4668-BE54-9A1E7A4F7556}") = "Edam.Test.DataApiBuilder", "Tests\Edam.Test.DataApiBuilder\Edam.Test.DataApiBuilder.csproj", "{F2DD6473-4CC5-42CE-9359-6C226B4F91D5}"
EndProject
Project("{9A19103F-16F7-4668-BE54-9A1E7A4F7556}") = "Edam.Test.Ddl", "Tests\Edam.Test.Ddl\Edam.Test.Ddl.csproj", "{91E96F27-3D93-43E1-B634-5A2C8894CD6F}"
EndProject
Project("{9A19103F-16F7-4668-BE54-9A1E7A4F7556}") = "Edam.Test.Dictionary", "Tests\Edam.Test.Dictionary\Edam.Test.Dictionary.csproj", "{4EDAE753-8192-4E11-950E-690DEB12075A}"
EndProject
Project("{9A19103F-16F7-4668-BE54-9A1E7A4F7556}") = "Edam.Test.Edi", "Tests\Edam.Test.Edi\Edam.Test.Edi.csproj", "{EDFA66C1-0E55-40EA-BBF1-766DAD07B25F}"
EndProject
Project("{9A19103F-16F7-4668-BE54-9A1E7A4F7556}") = "Edam.Test.Identity", "Tests\Edam.Test.Identity\Edam.Test.Identity.csproj", "{C5BBF0B8-48F2-4325-B20D-E1F4C870660A}"
EndProject
Project("{9A19103F-16F7-4668-BE54-9A1E7A4F7556}") = "Edam.Test.Json", "Tests\Edam.Test.Json\Edam.Test.Json.csproj", "{88F7914A-061C-4418-B4A4-FA1E39309BBE}"
EndProject
Project("{9A19103F-16F7-4668-BE54-9A1E7A4F7556}") = "Edam.Test.Json.Console", "Tests\Edam.Test.Json.Console\Edam.Test.Json.Console.csproj", "{D9BC8E67-9BA3-4868-9A91-279BBF1D0C0C}"
EndProject
Project("{9A19103F-16F7-4668-BE54-9A1E7A4F7556}") = "Edam.Tests.JsonLd", "Tests\Edam.Test.JsonLd\Edam.Tests.JsonLd.csproj", "{3649A1E6-8C49-408F-BD49-F713611ECF83}"
EndProject
Project("{9A19103F-16F7-4668-BE54-9A1E7A4F7556}") = "Edam.Test.OpenXml.Word", "Tests\Edam.Test.OpenXml.Word\Edam.Test.OpenXml.Word.csproj", "{EE2F3E7A-1FAE-4A6C-A874-F90D62F6D6AF}"
EndProject
Project("{9A19103F-16F7-4668-BE54-9A1E7A4F7556}") = "Edam.Test.Python", "Tests\Edam.Test.Python\Edam.Test.Python.csproj", "{4E9E3086-7F24-4BDD-AED5-4A2CED854B82}"
EndProject
Project("{9A19103F-16F7-4668-BE54-9A1E7A4F7556}") = "Edam.Test.Lexicon", "Tests\Edam.Test.Vocabularies\Edam.Test.Lexicon.csproj", "{96868357-E2F9-4B72-901C-D93AC7C00CC4}"
EndProject
Project("{9A19103F-16F7-4668-BE54-9A1E7A4F7556}") = "Edam.Tests.WebApi", "Tests\Edam.Test.WebApi\Edam.Tests.WebApi.csproj", "{C07E373D-36DD-4168-B72C-5B8758E43997}"
EndProject
Project("{9A19103F-16F7-4668-BE54-9A1E7A4F7556}") = "Edam.Test.Xsd", "Tests\Edam.Test.Xsd\Edam.Test.Xsd.csproj", "{0635C82C-7422-4050-AF45-E20760EE1415}"
EndProject
Project("{FAE04EC0-301F-11D3-BF4B-00C04F79EFBC}") = "Edam.Test.AssetReports", "Tests\Edam.Test.AssetReports\Edam.Test.AssetReports.csproj", "{5FD200A6-516C-4606-82E9-8BDF0C698F19}"
EndProject
Global
	GlobalSection(SolutionConfigurationPlatforms) = preSolution
		Debug|Any CPU = Debug|Any CPU
		Release|Any CPU = Release|Any CPU
	EndGlobalSection
	GlobalSection(ProjectConfigurationPlatforms) = postSolution
		{EDCD28B6-8850-4FE8-B11E-259E02C738A6}.Debug|Any CPU.ActiveCfg = Debug|Any CPU
		{EDCD28B6-8850-4FE8-B11E-259E02C738A6}.Debug|Any CPU.Build.0 = Debug|Any CPU
		{EDCD28B6-8850-4FE8-B11E-259E02C738A6}.Release|Any CPU.ActiveCfg = Release|Any CPU
		{EDCD28B6-8850-4FE8-B11E-259E02C738A6}.Release|Any CPU.Build.0 = Release|Any CPU
		{1AB4B5FA-596E-4EF0-8483-1B4F206BE90B}.Debug|Any CPU.ActiveCfg = Debug|Any CPU
		{1AB4B5FA-596E-4EF0-8483-1B4F206BE90B}.Debug|Any CPU.Build.0 = Debug|Any CPU
		{1AB4B5FA-596E-4EF0-8483-1B4F206BE90B}.Release|Any CPU.ActiveCfg = Release|Any CPU
		{1AB4B5FA-596E-4EF0-8483-1B4F206BE90B}.Release|Any CPU.Build.0 = Release|Any CPU
		{51B907C3-C8ED-4543-8B8E-CB3CCF4835BB}.Debug|Any CPU.ActiveCfg = Debug|Any CPU
		{51B907C3-C8ED-4543-8B8E-CB3CCF4835BB}.Debug|Any CPU.Build.0 = Debug|Any CPU
		{51B907C3-C8ED-4543-8B8E-CB3CCF4835BB}.Release|Any CPU.ActiveCfg = Release|Any CPU
		{51B907C3-C8ED-4543-8B8E-CB3CCF4835BB}.Release|Any CPU.Build.0 = Release|Any CPU
		{F1B32E3F-702B-44D2-8180-C77B2E28D584}.Debug|Any CPU.ActiveCfg = Debug|Any CPU
		{F1B32E3F-702B-44D2-8180-C77B2E28D584}.Debug|Any CPU.Build.0 = Debug|Any CPU
		{F1B32E3F-702B-44D2-8180-C77B2E28D584}.Release|Any CPU.ActiveCfg = Release|Any CPU
		{F1B32E3F-702B-44D2-8180-C77B2E28D584}.Release|Any CPU.Build.0 = Release|Any CPU
		{BDE53CFE-D3C5-4938-8685-1E499074494F}.Debug|Any CPU.ActiveCfg = Debug|Any CPU
		{BDE53CFE-D3C5-4938-8685-1E499074494F}.Debug|Any CPU.Build.0 = Debug|Any CPU
		{BDE53CFE-D3C5-4938-8685-1E499074494F}.Release|Any CPU.ActiveCfg = Release|Any CPU
		{BDE53CFE-D3C5-4938-8685-1E499074494F}.Release|Any CPU.Build.0 = Release|Any CPU
		{D780F315-8269-405F-94C4-674CDB74663E}.Debug|Any CPU.ActiveCfg = Debug|Any CPU
		{D780F315-8269-405F-94C4-674CDB74663E}.Debug|Any CPU.Build.0 = Debug|Any CPU
		{D780F315-8269-405F-94C4-674CDB74663E}.Release|Any CPU.ActiveCfg = Release|Any CPU
		{D780F315-8269-405F-94C4-674CDB74663E}.Release|Any CPU.Build.0 = Release|Any CPU
		{6D46B077-6477-4E5C-8601-5713873FACE3}.Debug|Any CPU.ActiveCfg = Debug|Any CPU
		{6D46B077-6477-4E5C-8601-5713873FACE3}.Debug|Any CPU.Build.0 = Debug|Any CPU
		{6D46B077-6477-4E5C-8601-5713873FACE3}.Release|Any CPU.ActiveCfg = Release|Any CPU
		{6D46B077-6477-4E5C-8601-5713873FACE3}.Release|Any CPU.Build.0 = Release|Any CPU
		{4FE0806B-7CAF-4672-A34B-4738890FFB7B}.Debug|Any CPU.ActiveCfg = Debug|Any CPU
		{4FE0806B-7CAF-4672-A34B-4738890FFB7B}.Debug|Any CPU.Build.0 = Debug|Any CPU
		{4FE0806B-7CAF-4672-A34B-4738890FFB7B}.Release|Any CPU.ActiveCfg = Release|Any CPU
		{4FE0806B-7CAF-4672-A34B-4738890FFB7B}.Release|Any CPU.Build.0 = Release|Any CPU
		{ECAF5C05-BEE2-4F28-BDDE-10A52DA0963C}.Debug|Any CPU.ActiveCfg = Debug|Any CPU
		{ECAF5C05-BEE2-4F28-BDDE-10A52DA0963C}.Debug|Any CPU.Build.0 = Debug|Any CPU
		{ECAF5C05-BEE2-4F28-BDDE-10A52DA0963C}.Release|Any CPU.ActiveCfg = Release|Any CPU
		{ECAF5C05-BEE2-4F28-BDDE-10A52DA0963C}.Release|Any CPU.Build.0 = Release|Any CPU
		{77C69B00-43DC-4417-B78C-8BEE6A82A10E}.Debug|Any CPU.ActiveCfg = Debug|Any CPU
		{77C69B00-43DC-4417-B78C-8BEE6A82A10E}.Debug|Any CPU.Build.0 = Debug|Any CPU
		{77C69B00-43DC-4417-B78C-8BEE6A82A10E}.Release|Any CPU.ActiveCfg = Release|Any CPU
		{77C69B00-43DC-4417-B78C-8BEE6A82A10E}.Release|Any CPU.Build.0 = Release|Any CPU
		{3BD3B899-CE2C-4B1C-8D67-C74AC10AB89A}.Debug|Any CPU.ActiveCfg = Debug|Any CPU
		{3BD3B899-CE2C-4B1C-8D67-C74AC10AB89A}.Debug|Any CPU.Build.0 = Debug|Any CPU
		{3BD3B899-CE2C-4B1C-8D67-C74AC10AB89A}.Release|Any CPU.ActiveCfg = Release|Any CPU
		{3BD3B899-CE2C-4B1C-8D67-C74AC10AB89A}.Release|Any CPU.Build.0 = Release|Any CPU
		{E2BBAA21-5826-4F0C-8BFA-867CC16D96D8}.Debug|Any CPU.ActiveCfg = Debug|Any CPU
		{E2BBAA21-5826-4F0C-8BFA-867CC16D96D8}.Debug|Any CPU.Build.0 = Debug|Any CPU
		{E2BBAA21-5826-4F0C-8BFA-867CC16D96D8}.Release|Any CPU.ActiveCfg = Release|Any CPU
		{E2BBAA21-5826-4F0C-8BFA-867CC16D96D8}.Release|Any CPU.Build.0 = Release|Any CPU
		{1CBA4A3D-3CC0-4BE2-967A-85302E28993B}.Debug|Any CPU.ActiveCfg = Debug|Any CPU
		{1CBA4A3D-3CC0-4BE2-967A-85302E28993B}.Debug|Any CPU.Build.0 = Debug|Any CPU
		{1CBA4A3D-3CC0-4BE2-967A-85302E28993B}.Release|Any CPU.ActiveCfg = Release|Any CPU
		{1CBA4A3D-3CC0-4BE2-967A-85302E28993B}.Release|Any CPU.Build.0 = Release|Any CPU
		{8BDB40E3-102F-4B4F-843C-B81E8C3CF829}.Debug|Any CPU.ActiveCfg = Debug|Any CPU
		{8BDB40E3-102F-4B4F-843C-B81E8C3CF829}.Debug|Any CPU.Build.0 = Debug|Any CPU
		{8BDB40E3-102F-4B4F-843C-B81E8C3CF829}.Release|Any CPU.ActiveCfg = Release|Any CPU
		{8BDB40E3-102F-4B4F-843C-B81E8C3CF829}.Release|Any CPU.Build.0 = Release|Any CPU
		{EB388DA8-4ACF-47F5-A5CA-7B7C2AADC9E6}.Debug|Any CPU.ActiveCfg = Debug|Any CPU
		{EB388DA8-4ACF-47F5-A5CA-7B7C2AADC9E6}.Debug|Any CPU.Build.0 = Debug|Any CPU
		{EB388DA8-4ACF-47F5-A5CA-7B7C2AADC9E6}.Release|Any CPU.ActiveCfg = Release|Any CPU
		{EB388DA8-4ACF-47F5-A5CA-7B7C2AADC9E6}.Release|Any CPU.Build.0 = Release|Any CPU
		{C18F4AD4-BF93-4218-8822-7DF4EF2D7945}.Debug|Any CPU.ActiveCfg = Debug|Any CPU
		{C18F4AD4-BF93-4218-8822-7DF4EF2D7945}.Debug|Any CPU.Build.0 = Debug|Any CPU
		{C18F4AD4-BF93-4218-8822-7DF4EF2D7945}.Release|Any CPU.ActiveCfg = Release|Any CPU
		{C18F4AD4-BF93-4218-8822-7DF4EF2D7945}.Release|Any CPU.Build.0 = Release|Any CPU
		{41F36087-1954-4FEE-B7CF-B456F0AE5FFF}.Debug|Any CPU.ActiveCfg = Debug|Any CPU
		{41F36087-1954-4FEE-B7CF-B456F0AE5FFF}.Debug|Any CPU.Build.0 = Debug|Any CPU
		{41F36087-1954-4FEE-B7CF-B456F0AE5FFF}.Release|Any CPU.ActiveCfg = Release|Any CPU
		{41F36087-1954-4FEE-B7CF-B456F0AE5FFF}.Release|Any CPU.Build.0 = Release|Any CPU
		{1D709E8A-B843-4150-A078-21BA597094FA}.Debug|Any CPU.ActiveCfg = Debug|Any CPU
		{1D709E8A-B843-4150-A078-21BA597094FA}.Debug|Any CPU.Build.0 = Debug|Any CPU
		{1D709E8A-B843-4150-A078-21BA597094FA}.Release|Any CPU.ActiveCfg = Release|Any CPU
		{1D709E8A-B843-4150-A078-21BA597094FA}.Release|Any CPU.Build.0 = Release|Any CPU
		{3C8A90EA-C4B7-4A2C-8959-FC4C6BDF9EFB}.Debug|Any CPU.ActiveCfg = Debug|Any CPU
		{3C8A90EA-C4B7-4A2C-8959-FC4C6BDF9EFB}.Debug|Any CPU.Build.0 = Debug|Any CPU
		{3C8A90EA-C4B7-4A2C-8959-FC4C6BDF9EFB}.Release|Any CPU.ActiveCfg = Release|Any CPU
		{3C8A90EA-C4B7-4A2C-8959-FC4C6BDF9EFB}.Release|Any CPU.Build.0 = Release|Any CPU
		{0330ECB8-7EED-45B1-A575-20A6282E0953}.Debug|Any CPU.ActiveCfg = Debug|Any CPU
		{0330ECB8-7EED-45B1-A575-20A6282E0953}.Debug|Any CPU.Build.0 = Debug|Any CPU
		{0330ECB8-7EED-45B1-A575-20A6282E0953}.Release|Any CPU.ActiveCfg = Release|Any CPU
		{0330ECB8-7EED-45B1-A575-20A6282E0953}.Release|Any CPU.Build.0 = Release|Any CPU
		{F8EAD98B-15FA-4690-B3F7-A0992593AAF4}.Debug|Any CPU.ActiveCfg = Debug|Any CPU
		{F8EAD98B-15FA-4690-B3F7-A0992593AAF4}.Debug|Any CPU.Build.0 = Debug|Any CPU
		{F8EAD98B-15FA-4690-B3F7-A0992593AAF4}.Release|Any CPU.ActiveCfg = Release|Any CPU
		{F8EAD98B-15FA-4690-B3F7-A0992593AAF4}.Release|Any CPU.Build.0 = Release|Any CPU
		{E0B38360-DF3E-43C4-8793-63071C82C1C5}.Debug|Any CPU.ActiveCfg = Debug|Any CPU
		{E0B38360-DF3E-43C4-8793-63071C82C1C5}.Debug|Any CPU.Build.0 = Debug|Any CPU
		{E0B38360-DF3E-43C4-8793-63071C82C1C5}.Release|Any CPU.ActiveCfg = Release|Any CPU
		{E0B38360-DF3E-43C4-8793-63071C82C1C5}.Release|Any CPU.Build.0 = Release|Any CPU
		{74BEA2A7-07E2-4740-9C6F-DCAC66B0A33A}.Debug|Any CPU.ActiveCfg = Debug|Any CPU
		{74BEA2A7-07E2-4740-9C6F-DCAC66B0A33A}.Debug|Any CPU.Build.0 = Debug|Any CPU
		{74BEA2A7-07E2-4740-9C6F-DCAC66B0A33A}.Release|Any CPU.ActiveCfg = Release|Any CPU
		{74BEA2A7-07E2-4740-9C6F-DCAC66B0A33A}.Release|Any CPU.Build.0 = Release|Any CPU
		{23F8B98C-A8A8-43A3-845B-B21FD7864BB2}.Debug|Any CPU.ActiveCfg = Debug|Any CPU
		{23F8B98C-A8A8-43A3-845B-B21FD7864BB2}.Debug|Any CPU.Build.0 = Debug|Any CPU
		{23F8B98C-A8A8-43A3-845B-B21FD7864BB2}.Release|Any CPU.ActiveCfg = Release|Any CPU
		{23F8B98C-A8A8-43A3-845B-B21FD7864BB2}.Release|Any CPU.Build.0 = Release|Any CPU
		{F2DD6473-4CC5-42CE-9359-6C226B4F91D5}.Debug|Any CPU.ActiveCfg = Debug|Any CPU
		{F2DD6473-4CC5-42CE-9359-6C226B4F91D5}.Debug|Any CPU.Build.0 = Debug|Any CPU
		{F2DD6473-4CC5-42CE-9359-6C226B4F91D5}.Release|Any CPU.ActiveCfg = Release|Any CPU
		{F2DD6473-4CC5-42CE-9359-6C226B4F91D5}.Release|Any CPU.Build.0 = Release|Any CPU
		{91E96F27-3D93-43E1-B634-5A2C8894CD6F}.Debug|Any CPU.ActiveCfg = Debug|Any CPU
		{91E96F27-3D93-43E1-B634-5A2C8894CD6F}.Debug|Any CPU.Build.0 = Debug|Any CPU
		{91E96F27-3D93-43E1-B634-5A2C8894CD6F}.Release|Any CPU.ActiveCfg = Release|Any CPU
		{91E96F27-3D93-43E1-B634-5A2C8894CD6F}.Release|Any CPU.Build.0 = Release|Any CPU
		{4EDAE753-8192-4E11-950E-690DEB12075A}.Debug|Any CPU.ActiveCfg = Debug|Any CPU
		{4EDAE753-8192-4E11-950E-690DEB12075A}.Debug|Any CPU.Build.0 = Debug|Any CPU
		{4EDAE753-8192-4E11-950E-690DEB12075A}.Release|Any CPU.ActiveCfg = Release|Any CPU
		{4EDAE753-8192-4E11-950E-690DEB12075A}.Release|Any CPU.Build.0 = Release|Any CPU
		{EDFA66C1-0E55-40EA-BBF1-766DAD07B25F}.Debug|Any CPU.ActiveCfg = Debug|Any CPU
		{EDFA66C1-0E55-40EA-BBF1-766DAD07B25F}.Debug|Any CPU.Build.0 = Debug|Any CPU
		{EDFA66C1-0E55-40EA-BBF1-766DAD07B25F}.Release|Any CPU.ActiveCfg = Release|Any CPU
		{EDFA66C1-0E55-40EA-BBF1-766DAD07B25F}.Release|Any CPU.Build.0 = Release|Any CPU
		{C5BBF0B8-48F2-4325-B20D-E1F4C870660A}.Debug|Any CPU.ActiveCfg = Debug|Any CPU
		{C5BBF0B8-48F2-4325-B20D-E1F4C870660A}.Debug|Any CPU.Build.0 = Debug|Any CPU
		{C5BBF0B8-48F2-4325-B20D-E1F4C870660A}.Release|Any CPU.ActiveCfg = Release|Any CPU
		{C5BBF0B8-48F2-4325-B20D-E1F4C870660A}.Release|Any CPU.Build.0 = Release|Any CPU
		{88F7914A-061C-4418-B4A4-FA1E39309BBE}.Debug|Any CPU.ActiveCfg = Debug|Any CPU
		{88F7914A-061C-4418-B4A4-FA1E39309BBE}.Debug|Any CPU.Build.0 = Debug|Any CPU
		{88F7914A-061C-4418-B4A4-FA1E39309BBE}.Release|Any CPU.ActiveCfg = Release|Any CPU
		{88F7914A-061C-4418-B4A4-FA1E39309BBE}.Release|Any CPU.Build.0 = Release|Any CPU
		{D9BC8E67-9BA3-4868-9A91-279BBF1D0C0C}.Debug|Any CPU.ActiveCfg = Debug|Any CPU
		{D9BC8E67-9BA3-4868-9A91-279BBF1D0C0C}.Debug|Any CPU.Build.0 = Debug|Any CPU
		{D9BC8E67-9BA3-4868-9A91-279BBF1D0C0C}.Release|Any CPU.ActiveCfg = Release|Any CPU
		{D9BC8E67-9BA3-4868-9A91-279BBF1D0C0C}.Release|Any CPU.Build.0 = Release|Any CPU
		{3649A1E6-8C49-408F-BD49-F713611ECF83}.Debug|Any CPU.ActiveCfg = Debug|Any CPU
		{3649A1E6-8C49-408F-BD49-F713611ECF83}.Debug|Any CPU.Build.0 = Debug|Any CPU
		{3649A1E6-8C49-408F-BD49-F713611ECF83}.Release|Any CPU.ActiveCfg = Release|Any CPU
		{3649A1E6-8C49-408F-BD49-F713611ECF83}.Release|Any CPU.Build.0 = Release|Any CPU
		{EE2F3E7A-1FAE-4A6C-A874-F90D62F6D6AF}.Debug|Any CPU.ActiveCfg = Debug|Any CPU
		{EE2F3E7A-1FAE-4A6C-A874-F90D62F6D6AF}.Debug|Any CPU.Build.0 = Debug|Any CPU
		{EE2F3E7A-1FAE-4A6C-A874-F90D62F6D6AF}.Release|Any CPU.ActiveCfg = Release|Any CPU
		{EE2F3E7A-1FAE-4A6C-A874-F90D62F6D6AF}.Release|Any CPU.Build.0 = Release|Any CPU
		{4E9E3086-7F24-4BDD-AED5-4A2CED854B82}.Debug|Any CPU.ActiveCfg = Debug|Any CPU
		{4E9E3086-7F24-4BDD-AED5-4A2CED854B82}.Debug|Any CPU.Build.0 = Debug|Any CPU
		{4E9E3086-7F24-4BDD-AED5-4A2CED854B82}.Release|Any CPU.ActiveCfg = Release|Any CPU
		{4E9E3086-7F24-4BDD-AED5-4A2CED854B82}.Release|Any CPU.Build.0 = Release|Any CPU
		{96868357-E2F9-4B72-901C-D93AC7C00CC4}.Debug|Any CPU.ActiveCfg = Debug|Any CPU
		{96868357-E2F9-4B72-901C-D93AC7C00CC4}.Debug|Any CPU.Build.0 = Debug|Any CPU
		{96868357-E2F9-4B72-901C-D93AC7C00CC4}.Release|Any CPU.ActiveCfg = Release|Any CPU
		{96868357-E2F9-4B72-901C-D93AC7C00CC4}.Release|Any CPU.Build.0 = Release|Any CPU
		{C07E373D-36DD-4168-B72C-5B8758E43997}.Debug|Any CPU.ActiveCfg = Debug|Any CPU
		{C07E373D-36DD-4168-B72C-5B8758E43997}.Debug|Any CPU.Build.0 = Debug|Any CPU
		{C07E373D-36DD-4168-B72C-5B8758E43997}.Release|Any CPU.ActiveCfg = Release|Any CPU
		{C07E373D-36DD-4168-B72C-5B8758E43997}.Release|Any CPU.Build.0 = Release|Any CPU
		{0635C82C-7422-4050-AF45-E20760EE1415}.Debug|Any CPU.ActiveCfg = Debug|Any CPU
		{0635C82C-7422-4050-AF45-E20760EE1415}.Debug|Any CPU.Build.0 = Debug|Any CPU
		{0635C82C-7422-4050-AF45-E20760EE1415}.Release|Any CPU.ActiveCfg = Release|Any CPU
		{0635C82C-7422-4050-AF45-E20760EE1415}.Release|Any CPU.Build.0 = Release|Any CPU
		{5FD200A6-516C-4606-82E9-8BDF0C698F19}.Debug|Any CPU.ActiveCfg = Debug|Any CPU
		{5FD200A6-516C-4606-82E9-8BDF0C698F19}.Debug|Any CPU.Build.0 = Debug|Any CPU
		{5FD200A6-516C-4606-82E9-8BDF0C698F19}.Release|Any CPU.ActiveCfg = Release|Any CPU
		{5FD200A6-516C-4606-82E9-8BDF0C698F19}.Release|Any CPU.Build.0 = Release|Any CPU
	EndGlobalSection
	GlobalSection(SolutionProperties) = preSolution
		HideSolutionNode = FALSE
	EndGlobalSection
	GlobalSection(NestedProjects) = preSolution
		{EDCD28B6-8850-4FE8-B11E-259E02C738A6} = {6B37117A-1226-474E-B4C8-06410622DEA4}
		{1AB4B5FA-596E-4EF0-8483-1B4F206BE90B} = {6B37117A-1226-474E-B4C8-06410622DEA4}
		{51B907C3-C8ED-4543-8B8E-CB3CCF4835BB} = {6B37117A-1226-474E-B4C8-06410622DEA4}
		{F1B32E3F-702B-44D2-8180-C77B2E28D584} = {DF1BDF48-4898-46B0-985C-DC30E67D251C}
		{BDE53CFE-D3C5-4938-8685-1E499074494F} = {DF1BDF48-4898-46B0-985C-DC30E67D251C}
		{D780F315-8269-405F-94C4-674CDB74663E} = {DF1BDF48-4898-46B0-985C-DC30E67D251C}
		{6D46B077-6477-4E5C-8601-5713873FACE3} = {DF1BDF48-4898-46B0-985C-DC30E67D251C}
		{4FE0806B-7CAF-4672-A34B-4738890FFB7B} = {6B37117A-1226-474E-B4C8-06410622DEA4}
		{ECAF5C05-BEE2-4F28-BDDE-10A52DA0963C} = {6B37117A-1226-474E-B4C8-06410622DEA4}
		{77C69B00-43DC-4417-B78C-8BEE6A82A10E} = {6B37117A-1226-474E-B4C8-06410622DEA4}
		{3BD3B899-CE2C-4B1C-8D67-C74AC10AB89A} = {6B37117A-1226-474E-B4C8-06410622DEA4}
		{E2BBAA21-5826-4F0C-8BFA-867CC16D96D8} = {6B37117A-1226-474E-B4C8-06410622DEA4}
		{1CBA4A3D-3CC0-4BE2-967A-85302E28993B} = {6B37117A-1226-474E-B4C8-06410622DEA4}
		{8BDB40E3-102F-4B4F-843C-B81E8C3CF829} = {6B37117A-1226-474E-B4C8-06410622DEA4}
		{EB388DA8-4ACF-47F5-A5CA-7B7C2AADC9E6} = {6B37117A-1226-474E-B4C8-06410622DEA4}
		{C18F4AD4-BF93-4218-8822-7DF4EF2D7945} = {6B37117A-1226-474E-B4C8-06410622DEA4}
		{41F36087-1954-4FEE-B7CF-B456F0AE5FFF} = {6B37117A-1226-474E-B4C8-06410622DEA4}
		{1D709E8A-B843-4150-A078-21BA597094FA} = {6B37117A-1226-474E-B4C8-06410622DEA4}
		{3C8A90EA-C4B7-4A2C-8959-FC4C6BDF9EFB} = {891D7446-5BCB-4EFD-BF3C-C871591C6B32}
		{0330ECB8-7EED-45B1-A575-20A6282E0953} = {56EB65A7-2251-4AE1-8F86-F1B59AB2155D}
		{F8EAD98B-15FA-4690-B3F7-A0992593AAF4} = {7C56D5B2-2B44-4A76-A66C-AD3DA12F5D7B}
		{E0B38360-DF3E-43C4-8793-63071C82C1C5} = {F3B53FFB-9917-454F-A867-26B26A432016}
		{74BEA2A7-07E2-4740-9C6F-DCAC66B0A33A} = {F3B53FFB-9917-454F-A867-26B26A432016}
		{23F8B98C-A8A8-43A3-845B-B21FD7864BB2} = {F3B53FFB-9917-454F-A867-26B26A432016}
		{F2DD6473-4CC5-42CE-9359-6C226B4F91D5} = {F3B53FFB-9917-454F-A867-26B26A432016}
		{91E96F27-3D93-43E1-B634-5A2C8894CD6F} = {F3B53FFB-9917-454F-A867-26B26A432016}
		{4EDAE753-8192-4E11-950E-690DEB12075A} = {F3B53FFB-9917-454F-A867-26B26A432016}
		{EDFA66C1-0E55-40EA-BBF1-766DAD07B25F} = {F3B53FFB-9917-454F-A867-26B26A432016}
		{C5BBF0B8-48F2-4325-B20D-E1F4C870660A} = {F3B53FFB-9917-454F-A867-26B26A432016}
		{88F7914A-061C-4418-B4A4-FA1E39309BBE} = {F3B53FFB-9917-454F-A867-26B26A432016}
		{D9BC8E67-9BA3-4868-9A91-279BBF1D0C0C} = {F3B53FFB-9917-454F-A867-26B26A432016}
		{3649A1E6-8C49-408F-BD49-F713611ECF83} = {F3B53FFB-9917-454F-A867-26B26A432016}
		{EE2F3E7A-1FAE-4A6C-A874-F90D62F6D6AF} = {F3B53FFB-9917-454F-A867-26B26A432016}
		{4E9E3086-7F24-4BDD-AED5-4A2CED854B82} = {F3B53FFB-9917-454F-A867-26B26A432016}
		{96868357-E2F9-4B72-901C-D93AC7C00CC4} = {F3B53FFB-9917-454F-A867-26B26A432016}
		{C07E373D-36DD-4168-B72C-5B8758E43997} = {F3B53FFB-9917-454F-A867-26B26A432016}
		{0635C82C-7422-4050-AF45-E20760EE1415} = {F3B53FFB-9917-454F-A867-26B26A432016}
		{5FD200A6-516C-4606-82E9-8BDF0C698F19} = {F3B53FFB-9917-454F-A867-26B26A432016}
	EndGlobalSection
	GlobalSection(ExtensibilityGlobals) = postSolution
		SolutionGuid = {3D6025DC-0E09-4AB2-85AD-1FC8E43F2EA5}
	EndGlobalSection
EndGlobal
